
Microsoft Visual Studio Solution File, Format Version 12.00
# Visual Studio Version 17
VisualStudioVersion = 17.1.32414.318
MinimumVisualStudioVersion = 10.0.40219.1
Project("{8BC9CEB8-8B4A-11D0-8D11-00A0C91BC942}") = "Ckorea", "Ckorea\Ckorea.vcxproj", "{442AADC0-929F-4C1F-948C-5F2E860B0026}"
EndProject
Project("{8BC9CEB8-8B4A-11D0-8D11-00A0C91BC942}") = "CAsign", "CAsign\CAsign.vcxproj", "{44A9F1C9-D3C7-47F7-90D1-86FD5B0C2400}"
EndProject
Project("{8BC9CEB8-8B4A-11D0-8D11-00A0C91BC942}") = "CDialog", "CDialog\CDialog.vcxproj", "{FB5D5DE2-574D-4512-AF6D-40FBB542415E}"
EndProject
Project("{8BC9CEB8-8B4A-11D0-8D11-00A0C91BC942}") = "Ckorea1", "Ckorea1\Ckorea1.vcxproj", "{D30CFA51-A140-4678-90B9-529672D087BC}"
EndProject
Project("{8BC9CEB8-8B4A-11D0-8D11-00A0C91BC942}") = "Calculator", "Calculator\Calculator.vcxproj", "{E5D94872-461E-45F9-AC5D-5732D87BC009}"
EndProject
Project("{8BC9CEB8-8B4A-11D0-8D11-00A0C91BC942}") = "CKorea2", "CKorea2\CKorea2.vcxproj", "{5B003EDE-9F97-42D2-B1EA-5A79D294292C}"
EndProject
Global
	GlobalSection(SolutionConfigurationPlatforms) = preSolution
		Debug|x64 = Debug|x64
		Debug|x86 = Debug|x86
		Release|x64 = Release|x64
		Release|x86 = Release|x86
	EndGlobalSection
	GlobalSection(ProjectConfigurationPlatforms) = postSolution
		{442AADC0-929F-4C1F-948C-5F2E860B0026}.Debug|x64.ActiveCfg = Debug|x64
		{442AADC0-929F-4C1F-948C-5F2E860B0026}.Debug|x64.Build.0 = Debug|x64
		{442AADC0-929F-4C1F-948C-5F2E860B0026}.Debug|x86.ActiveCfg = Debug|Win32
		{442AADC0-929F-4C1F-948C-5F2E860B0026}.Debug|x86.Build.0 = Debug|Win32
		{442AADC0-929F-4C1F-948C-5F2E860B0026}.Release|x64.ActiveCfg = Release|x64
		{442AADC0-929F-4C1F-948C-5F2E860B0026}.Release|x64.Build.0 = Release|x64
		{442AADC0-929F-4C1F-948C-5F2E860B0026}.Release|x86.ActiveCfg = Release|Win32
		{442AADC0-929F-4C1F-948C-5F2E860B0026}.Release|x86.Build.0 = Release|Win32
		{44A9F1C9-D3C7-47F7-90D1-86FD5B0C2400}.Debug|x64.ActiveCfg = Debug|x64
		{44A9F1C9-D3C7-47F7-90D1-86FD5B0C2400}.Debug|x64.Build.0 = Debug|x64
		{44A9F1C9-D3C7-47F7-90D1-86FD5B0C2400}.Debug|x86.ActiveCfg = Debug|Win32
		{44A9F1C9-D3C7-47F7-90D1-86FD5B0C2400}.Debug|x86.Build.0 = Debug|Win32
		{44A9F1C9-D3C7-47F7-90D1-86FD5B0C2400}.Release|x64.ActiveCfg = Release|x64
		{44A9F1C9-D3C7-47F7-90D1-86FD5B0C2400}.Release|x64.Build.0 = Release|x64
		{44A9F1C9-D3C7-47F7-90D1-86FD5B0C2400}.Release|x86.ActiveCfg = Release|Win32
		{44A9F1C9-D3C7-47F7-90D1-86FD5B0C2400}.Release|x86.Build.0 = Release|Win32
		{FB5D5DE2-574D-4512-AF6D-40FBB542415E}.Debug|x64.ActiveCfg = Debug|x64
		{FB5D5DE2-574D-4512-AF6D-40FBB542415E}.Debug|x64.Build.0 = Debug|x64
		{FB5D5DE2-574D-4512-AF6D-40FBB542415E}.Debug|x86.ActiveCfg = Debug|Win32
		{FB5D5DE2-574D-4512-AF6D-40FBB542415E}.Debug|x86.Build.0 = Debug|Win32
		{FB5D5DE2-574D-4512-AF6D-40FBB542415E}.Release|x64.ActiveCfg = Release|x64
		{FB5D5DE2-574D-4512-AF6D-40FBB542415E}.Release|x64.Build.0 = Release|x64
		{FB5D5DE2-574D-4512-AF6D-40FBB542415E}.Release|x86.ActiveCfg = Release|Win32
		{FB5D5DE2-574D-4512-AF6D-40FBB542415E}.Release|x86.Build.0 = Release|Win32
		{D30CFA51-A140-4678-90B9-529672D087BC}.Debug|x64.ActiveCfg = Debug|x64
		{D30CFA51-A140-4678-90B9-529672D087BC}.Debug|x64.Build.0 = Debug|x64
		{D30CFA51-A140-4678-90B9-529672D087BC}.Debug|x86.ActiveCfg = Debug|Win32
		{D30CFA51-A140-4678-90B9-529672D087BC}.Debug|x86.Build.0 = Debug|Win32
		{D30CFA51-A140-4678-90B9-529672D087BC}.Release|x64.ActiveCfg = Release|x64
		{D30CFA51-A140-4678-90B9-529672D087BC}.Release|x64.Build.0 = Release|x64
		{D30CFA51-A140-4678-90B9-529672D087BC}.Release|x86.ActiveCfg = Release|Win32
		{D30CFA51-A140-4678-90B9-529672D087BC}.Release|x86.Build.0 = Release|Win32
		{E5D94872-461E-45F9-AC5D-5732D87BC009}.Debug|x64.ActiveCfg = Debug|x64
		{E5D94872-461E-45F9-AC5D-5732D87BC009}.Debug|x64.Build.0 = Debug|x64
		{E5D94872-461E-45F9-AC5D-5732D87BC009}.Debug|x86.ActiveCfg = Debug|Win32
		{E5D94872-461E-45F9-AC5D-5732D87BC009}.Debug|x86.Build.0 = Debug|Win32
		{E5D94872-461E-45F9-AC5D-5732D87BC009}.Release|x64.ActiveCfg = Release|x64
		{E5D94872-461E-45F9-AC5D-5732D87BC009}.Release|x64.Build.0 = Release|x64
		{E5D94872-461E-45F9-AC5D-5732D87BC009}.Release|x86.ActiveCfg = Release|Win32
		{E5D94872-461E-45F9-AC5D-5732D87BC009}.Release|x86.Build.0 = Release|Win32
		{5B003EDE-9F97-42D2-B1EA-5A79D294292C}.Debug|x64.ActiveCfg = Debug|x64
		{5B003EDE-9F97-42D2-B1EA-5A79D294292C}.Debug|x64.Build.0 = Debug|x64
		{5B003EDE-9F97-42D2-B1EA-5A79D294292C}.Debug|x86.ActiveCfg = Debug|Win32
		{5B003EDE-9F97-42D2-B1EA-5A79D294292C}.Debug|x86.Build.0 = Debug|Win32
		{5B003EDE-9F97-42D2-B1EA-5A79D294292C}.Release|x64.ActiveCfg = Release|x64
		{5B003EDE-9F97-42D2-B1EA-5A79D294292C}.Release|x64.Build.0 = Release|x64
		{5B003EDE-9F97-42D2-B1EA-5A79D294292C}.Release|x86.ActiveCfg = Release|Win32
		{5B003EDE-9F97-42D2-B1EA-5A79D294292C}.Release|x86.Build.0 = Release|Win32
	EndGlobalSection
	GlobalSection(SolutionProperties) = preSolution
		HideSolutionNode = FALSE
	EndGlobalSection
	GlobalSection(ExtensibilityGlobals) = postSolution
		SolutionGuid = {1EFED0BF-C4E9-4BE7-B3D1-24C37F7A003D}
	EndGlobalSection
EndGlobal
